
Microsoft Visual Studio Solution File, Format Version 12.00
# Visual Studio 15
VisualStudioVersion = 15.0.28307.168
MinimumVisualStudioVersion = 10.0.40219.1
Project("{FAE04EC0-301F-11D3-BF4B-00C04F79EFBC}") = "Domain", "Domain\Domain.csproj", "{F7ECACE5-7930-4A46-B5A4-271AD255DC52}"
EndProject
Project("{FAE04EC0-301F-11D3-BF4B-00C04F79EFBC}") = "Unit.Test", "EmployeeBenefits.Test\Unit.Test.csproj", "{BAC0ADF1-A3AB-45F0-9000-F5DC763BA75B}"
EndProject
Project("{FAE04EC0-301F-11D3-BF4B-00C04F79EFBC}") = "Persistence", "Persistence\Persistence.csproj", "{7AB09FE4-242C-48B6-9824-63AA6C4A26A7}"
EndProject
Global
	GlobalSection(SolutionConfigurationPlatforms) = preSolution
		Debug|Any CPU = Debug|Any CPU
		Release|Any CPU = Release|Any CPU
	EndGlobalSection
	GlobalSection(ProjectConfigurationPlatforms) = postSolution
		{F7ECACE5-7930-4A46-B5A4-271AD255DC52}.Debug|Any CPU.ActiveCfg = Debug|Any CPU
		{F7ECACE5-7930-4A46-B5A4-271AD255DC52}.Debug|Any CPU.Build.0 = Debug|Any CPU
		{F7ECACE5-7930-4A46-B5A4-271AD255DC52}.Release|Any CPU.ActiveCfg = Release|Any CPU
		{F7ECACE5-7930-4A46-B5A4-271AD255DC52}.Release|Any CPU.Build.0 = Release|Any CPU
		{BAC0ADF1-A3AB-45F0-9000-F5DC763BA75B}.Debug|Any CPU.ActiveCfg = Debug|Any CPU
		{BAC0ADF1-A3AB-45F0-9000-F5DC763BA75B}.Debug|Any CPU.Build.0 = Debug|Any CPU
		{BAC0ADF1-A3AB-45F0-9000-F5DC763BA75B}.Release|Any CPU.ActiveCfg = Release|Any CPU
		{BAC0ADF1-A3AB-45F0-9000-F5DC763BA75B}.Release|Any CPU.Build.0 = Release|Any CPU
		{7AB09FE4-242C-48B6-9824-63AA6C4A26A7}.Debug|Any CPU.ActiveCfg = Debug|Any CPU
		{7AB09FE4-242C-48B6-9824-63AA6C4A26A7}.Debug|Any CPU.Build.0 = Debug|Any CPU
		{7AB09FE4-242C-48B6-9824-63AA6C4A26A7}.Release|Any CPU.ActiveCfg = Release|Any CPU
		{7AB09FE4-242C-48B6-9824-63AA6C4A26A7}.Release|Any CPU.Build.0 = Release|Any CPU
	EndGlobalSection
	GlobalSection(SolutionProperties) = preSolution
		HideSolutionNode = FALSE
	EndGlobalSection
	GlobalSection(ExtensibilityGlobals) = postSolution
		SolutionGuid = {C08AF933-162B-46A1-9BFB-13BFFC6A3569}
	EndGlobalSection
EndGlobal
